
Microsoft Visual Studio Solution File, Format Version 12.00
# Visual Studio Version 16
VisualStudioVersion = 16.0.31205.134
MinimumVisualStudioVersion = 10.0.40219.1
Project("{FAE04EC0-301F-11D3-BF4B-00C04F79EFBC}") = "TrickingLibrary.Api", "TrickingLibrary.Api\TrickingLibrary.Api.csproj", "{A21B7529-A205-4079-8DE7-FD5776D79AB4}"
EndProject
Global
	GlobalSection(SolutionConfigurationPlatforms) = preSolution
		Debug|Any CPU = Debug|Any CPU
		Release|Any CPU = Release|Any CPU
	EndGlobalSection
	GlobalSection(ProjectConfigurationPlatforms) = postSolution
		{A21B7529-A205-4079-8DE7-FD5776D79AB4}.Debug|Any CPU.ActiveCfg = Debug|Any CPU
		{A21B7529-A205-4079-8DE7-FD5776D79AB4}.Debug|Any CPU.Build.0 = Debug|Any CPU
		{A21B7529-A205-4079-8DE7-FD5776D79AB4}.Release|Any CPU.ActiveCfg = Release|Any CPU
		{A21B7529-A205-4079-8DE7-FD5776D79AB4}.Release|Any CPU.Build.0 = Release|Any CPU
	EndGlobalSection
	GlobalSection(SolutionProperties) = preSolution
		HideSolutionNode = FALSE
	EndGlobalSection
	GlobalSection(ExtensibilityGlobals) = postSolution
		SolutionGuid = {AAC5766E-854B-452F-8897-DAA2FEC01FE3}
	EndGlobalSection
EndGlobal
